# THIS IS AN AUTOGENERATED FILE. DO NOT EDIT THIS FILE DIRECTLY.
# yarn lockfile v1


"@babel/parser@^7.5.0":
  version "7.5.0"
  resolved "https://registry.yarnpkg.com/@babel/parser/-/parser-7.5.0.tgz#3e0713dff89ad6ae37faec3b29dcfc5c979770b7"
  integrity sha512-I5nW8AhGpOXGCCNYGc+p7ExQIBxRFnS2fd/d862bNOKvmoEPjYPcfIjsfdy0ujagYOIYPczKgD9l3FsgTkAzKA==
